// !$*UTF8*$!
{
	archiveVersion = 1;
	classes = {
	};
	objectVersion = 55;
	objects = {

/* Begin PBXBuildFile section */
		F107DE88287CEDD700C827B1 /* AfricaApp.swift in Sources */ = {isa = PBXBuildFile; fileRef = F107DE87287CEDD700C827B1 /* AfricaApp.swift */; };
		F107DE8A287CEDD700C827B1 /* ContentView.swift in Sources */ = {isa = PBXBuildFile; fileRef = F107DE89287CEDD700C827B1 /* ContentView.swift */; };
		F107DE8C287CEDD900C827B1 /* Assets.xcassets in Resources */ = {isa = PBXBuildFile; fileRef = F107DE8B287CEDD900C827B1 /* Assets.xcassets */; };
		F107DE8F287CEDD900C827B1 /* Preview Assets.xcassets in Resources */ = {isa = PBXBuildFile; fileRef = F107DE8E287CEDD900C827B1 /* Preview Assets.xcassets */; };
		F107DEA0287CEF3700C827B1 /* giraffe.mp4 in Resources */ = {isa = PBXBuildFile; fileRef = F107DE96287CEF3600C827B1 /* giraffe.mp4 */; };
		F107DEA1287CEF3700C827B1 /* ostrich.mp4 in Resources */ = {isa = PBXBuildFile; fileRef = F107DE97287CEF3600C827B1 /* ostrich.mp4 */; };
		F107DEA2287CEF3700C827B1 /* lioness.mp4 in Resources */ = {isa = PBXBuildFile; fileRef = F107DE98287CEF3600C827B1 /* lioness.mp4 */; };
		F107DEA3287CEF3700C827B1 /* lion.mp4 in Resources */ = {isa = PBXBuildFile; fileRef = F107DE99287CEF3600C827B1 /* lion.mp4 */; };
		F107DEA4287CEF3700C827B1 /* hippo.mp4 in Resources */ = {isa = PBXBuildFile; fileRef = F107DE9A287CEF3600C827B1 /* hippo.mp4 */; };
		F107DEA5287CEF3700C827B1 /* zebra.mp4 in Resources */ = {isa = PBXBuildFile; fileRef = F107DE9B287CEF3700C827B1 /* zebra.mp4 */; };
		F107DEA6287CEF3700C827B1 /* gorilla.mp4 in Resources */ = {isa = PBXBuildFile; fileRef = F107DE9C287CEF3700C827B1 /* gorilla.mp4 */; };
		F107DEA7287CEF3700C827B1 /* elephant.mp4 in Resources */ = {isa = PBXBuildFile; fileRef = F107DE9D287CEF3700C827B1 /* elephant.mp4 */; };
		F107DEA8287CEF3700C827B1 /* cheetah.mp4 in Resources */ = {isa = PBXBuildFile; fileRef = F107DE9E287CEF3700C827B1 /* cheetah.mp4 */; };
		F107DEA9287CEF3700C827B1 /* rhino.mp4 in Resources */ = {isa = PBXBuildFile; fileRef = F107DE9F287CEF3700C827B1 /* rhino.mp4 */; };
		F107DEAF287CEF5D00C827B1 /* videos.json in Resources */ = {isa = PBXBuildFile; fileRef = F107DEAB287CEF5D00C827B1 /* videos.json */; };
		F107DEB0287CEF5D00C827B1 /* locations.json in Resources */ = {isa = PBXBuildFile; fileRef = F107DEAC287CEF5D00C827B1 /* locations.json */; };
		F107DEB1287CEF5D00C827B1 /* covers.json in Resources */ = {isa = PBXBuildFile; fileRef = F107DEAD287CEF5D00C827B1 /* covers.json */; };
		F107DEB2287CEF5D00C827B1 /* animals.json in Resources */ = {isa = PBXBuildFile; fileRef = F107DEAE287CEF5D00C827B1 /* animals.json */; };
		F107DEB6287CF0C300C827B1 /* VideoListView.swift in Sources */ = {isa = PBXBuildFile; fileRef = F107DEB5287CF0C300C827B1 /* VideoListView.swift */; };
		F107DEB8287CF0D400C827B1 /* MapView.swift in Sources */ = {isa = PBXBuildFile; fileRef = F107DEB7287CF0D400C827B1 /* MapView.swift */; };
		F107DEBA287CF0E000C827B1 /* GalleryView.swift in Sources */ = {isa = PBXBuildFile; fileRef = F107DEB9287CF0E000C827B1 /* GalleryView.swift */; };
		F107DEBC287CF0ED00C827B1 /* MainView.swift in Sources */ = {isa = PBXBuildFile; fileRef = F107DEBB287CF0ED00C827B1 /* MainView.swift */; };
		F107DEBF287CF2E700C827B1 /* CoverImageView.swift in Sources */ = {isa = PBXBuildFile; fileRef = F107DEBE287CF2E700C827B1 /* CoverImageView.swift */; };
		F107DEC2287CF4E100C827B1 /* CoverImageModel.swift in Sources */ = {isa = PBXBuildFile; fileRef = F107DEC1287CF4E100C827B1 /* CoverImageModel.swift */; };
		F107DEC5287CF55300C827B1 /* CodableBundleExtension.swift in Sources */ = {isa = PBXBuildFile; fileRef = F107DEC4287CF55300C827B1 /* CodableBundleExtension.swift */; };
		F107DEC7287D014F00C827B1 /* AnimalListItemView.swift in Sources */ = {isa = PBXBuildFile; fileRef = F107DEC6287D014F00C827B1 /* AnimalListItemView.swift */; };
		F107DEC9287D025000C827B1 /* AnimalModel.swift in Sources */ = {isa = PBXBuildFile; fileRef = F107DEC8287D025000C827B1 /* AnimalModel.swift */; };
		F107DECB287D055300C827B1 /* AnimalDetailsView.swift in Sources */ = {isa = PBXBuildFile; fileRef = F107DECA287D055300C827B1 /* AnimalDetailsView.swift */; };
		F107DECD287D06FA00C827B1 /* HeadingView.swift in Sources */ = {isa = PBXBuildFile; fileRef = F107DECC287D06FA00C827B1 /* HeadingView.swift */; };
		F107DECF287D089300C827B1 /* InsetGalleryView.swift in Sources */ = {isa = PBXBuildFile; fileRef = F107DECE287D089300C827B1 /* InsetGalleryView.swift */; };
		F107DED1287D0C0E00C827B1 /* InsetFactView.swift in Sources */ = {isa = PBXBuildFile; fileRef = F107DED0287D0C0E00C827B1 /* InsetFactView.swift */; };
		F107DED3287D0D8200C827B1 /* InsetMapView.swift in Sources */ = {isa = PBXBuildFile; fileRef = F107DED2287D0D8200C827B1 /* InsetMapView.swift */; };
		F107DED5287D0F8E00C827B1 /* ExternalWeblinkView.swift in Sources */ = {isa = PBXBuildFile; fileRef = F107DED4287D0F8E00C827B1 /* ExternalWeblinkView.swift */; };
		F1B0B3F6287E327A000E1428 /* VideoModel.swift in Sources */ = {isa = PBXBuildFile; fileRef = F1B0B3F5287E327A000E1428 /* VideoModel.swift */; };
		F1B0B3F8287E32BA000E1428 /* VideoListItemView.swift in Sources */ = {isa = PBXBuildFile; fileRef = F1B0B3F7287E32BA000E1428 /* VideoListItemView.swift */; };
		F1B0B3FA287E36D4000E1428 /* VideoPlayerView.swift in Sources */ = {isa = PBXBuildFile; fileRef = F1B0B3F9287E36D4000E1428 /* VideoPlayerView.swift */; };
		F1B0B3FD287E3789000E1428 /* VideoPlayerHelper.swift in Sources */ = {isa = PBXBuildFile; fileRef = F1B0B3FC287E3789000E1428 /* VideoPlayerHelper.swift */; };
		F1B0B3FF287E3ACE000E1428 /* LocationModel.swift in Sources */ = {isa = PBXBuildFile; fileRef = F1B0B3FE287E3ACE000E1428 /* LocationModel.swift */; };
		F1B0B401287E413A000E1428 /* MapAnnotationView.swift in Sources */ = {isa = PBXBuildFile; fileRef = F1B0B400287E413A000E1428 /* MapAnnotationView.swift */; };
		F1B0B403287E44BA000E1428 /* MotionAnimationView.swift in Sources */ = {isa = PBXBuildFile; fileRef = F1B0B402287E44BA000E1428 /* MotionAnimationView.swift */; };
		F1B0B405287E5541000E1428 /* AnimalGridItemView.swift in Sources */ = {isa = PBXBuildFile; fileRef = F1B0B404287E5541000E1428 /* AnimalGridItemView.swift */; };
		F1B0B40B287E595F000E1428 /* Stickers.xcassets in Resources */ = {isa = PBXBuildFile; fileRef = F1B0B40A287E595F000E1428 /* Stickers.xcassets */; };
		F1B0B40F287E595F000E1428 /* Stickers.appex in Embed App Extensions */ = {isa = PBXBuildFile; fileRef = F1B0B408287E595C000E1428 /* Stickers.appex */; platformFilter = ios; settings = {ATTRIBUTES = (RemoveHeadersOnCopy, ); }; };
		F1CDFC3D287E5ABE0047D601 /* CreditsView.swift in Sources */ = {isa = PBXBuildFile; fileRef = F1CDFC3C287E5ABE0047D601 /* CreditsView.swift */; };
		F1CDFC40287E5BD60047D601 /* CenterModifier.swift in Sources */ = {isa = PBXBuildFile; fileRef = F1CDFC3F287E5BD60047D601 /* CenterModifier.swift */; };
/* End PBXBuildFile section */

/* Begin PBXContainerItemProxy section */
		F1B0B40D287E595F000E1428 /* PBXContainerItemProxy */ = {
			isa = PBXContainerItemProxy;
			containerPortal = F107DE7C287CEDD700C827B1 /* Project object */;
			proxyType = 1;
			remoteGlobalIDString = F1B0B407287E595C000E1428;
			remoteInfo = Stickers;
		};
/* End PBXContainerItemProxy section */

/* Begin PBXCopyFilesBuildPhase section */
		F1B0B413287E595F000E1428 /* Embed App Extensions */ = {
			isa = PBXCopyFilesBuildPhase;
			buildActionMask = 2147483647;
			dstPath = "";
			dstSubfolderSpec = 13;
			files = (
				F1B0B40F287E595F000E1428 /* Stickers.appex in Embed App Extensions */,
			);
			name = "Embed App Extensions";
			runOnlyForDeploymentPostprocessing = 0;
		};
/* End PBXCopyFilesBuildPhase section */

/* Begin PBXFileReference section */
		F107DE84287CEDD700C827B1 /* Africa.app */ = {isa = PBXFileReference; explicitFileType = wrapper.application; includeInIndex = 0; path = Africa.app; sourceTree = BUILT_PRODUCTS_DIR; };
		F107DE87287CEDD700C827B1 /* AfricaApp.swift */ = {isa = PBXFileReference; lastKnownFileType = sourcecode.swift; path = AfricaApp.swift; sourceTree = "<group>"; };
		F107DE89287CEDD700C827B1 /* ContentView.swift */ = {isa = PBXFileReference; lastKnownFileType = sourcecode.swift; path = ContentView.swift; sourceTree = "<group>"; };
		F107DE8B287CEDD900C827B1 /* Assets.xcassets */ = {isa = PBXFileReference; lastKnownFileType = folder.assetcatalog; path = Assets.xcassets; sourceTree = "<group>"; };
		F107DE8E287CEDD900C827B1 /* Preview Assets.xcassets */ = {isa = PBXFileReference; lastKnownFileType = folder.assetcatalog; path = "Preview Assets.xcassets"; sourceTree = "<group>"; };
		F107DE96287CEF3600C827B1 /* giraffe.mp4 */ = {isa = PBXFileReference; lastKnownFileType = file; path = giraffe.mp4; sourceTree = "<group>"; };
		F107DE97287CEF3600C827B1 /* ostrich.mp4 */ = {isa = PBXFileReference; lastKnownFileType = file; path = ostrich.mp4; sourceTree = "<group>"; };
		F107DE98287CEF3600C827B1 /* lioness.mp4 */ = {isa = PBXFileReference; lastKnownFileType = file; path = lioness.mp4; sourceTree = "<group>"; };
		F107DE99287CEF3600C827B1 /* lion.mp4 */ = {isa = PBXFileReference; lastKnownFileType = file; path = lion.mp4; sourceTree = "<group>"; };
		F107DE9A287CEF3600C827B1 /* hippo.mp4 */ = {isa = PBXFileReference; lastKnownFileType = file; path = hippo.mp4; sourceTree = "<group>"; };
		F107DE9B287CEF3700C827B1 /* zebra.mp4 */ = {isa = PBXFileReference; lastKnownFileType = file; path = zebra.mp4; sourceTree = "<group>"; };
		F107DE9C287CEF3700C827B1 /* gorilla.mp4 */ = {isa = PBXFileReference; lastKnownFileType = file; path = gorilla.mp4; sourceTree = "<group>"; };
		F107DE9D287CEF3700C827B1 /* elephant.mp4 */ = {isa = PBXFileReference; lastKnownFileType = file; path = elephant.mp4; sourceTree = "<group>"; };
		F107DE9E287CEF3700C827B1 /* cheetah.mp4 */ = {isa = PBXFileReference; lastKnownFileType = file; path = cheetah.mp4; sourceTree = "<group>"; };
		F107DE9F287CEF3700C827B1 /* rhino.mp4 */ = {isa = PBXFileReference; lastKnownFileType = file; path = rhino.mp4; sourceTree = "<group>"; };
		F107DEAB287CEF5D00C827B1 /* videos.json */ = {isa = PBXFileReference; fileEncoding = 4; lastKnownFileType = text.json; path = videos.json; sourceTree = "<group>"; };
		F107DEAC287CEF5D00C827B1 /* locations.json */ = {isa = PBXFileReference; fileEncoding = 4; lastKnownFileType = text.json; path = locations.json; sourceTree = "<group>"; };
		F107DEAD287CEF5D00C827B1 /* covers.json */ = {isa = PBXFileReference; fileEncoding = 4; lastKnownFileType = text.json; path = covers.json; sourceTree = "<group>"; };
		F107DEAE287CEF5D00C827B1 /* animals.json */ = {isa = PBXFileReference; fileEncoding = 4; lastKnownFileType = text.json; path = animals.json; sourceTree = "<group>"; };
		F107DEB3287CEFFD00C827B1 /* Info.plist */ = {isa = PBXFileReference; lastKnownFileType = text.plist; path = Info.plist; sourceTree = "<group>"; };
		F107DEB5287CF0C300C827B1 /* VideoListView.swift */ = {isa = PBXFileReference; lastKnownFileType = sourcecode.swift; path = VideoListView.swift; sourceTree = "<group>"; };
		F107DEB7287CF0D400C827B1 /* MapView.swift */ = {isa = PBXFileReference; lastKnownFileType = sourcecode.swift; path = MapView.swift; sourceTree = "<group>"; };
		F107DEB9287CF0E000C827B1 /* GalleryView.swift */ = {isa = PBXFileReference; lastKnownFileType = sourcecode.swift; path = GalleryView.swift; sourceTree = "<group>"; };
		F107DEBB287CF0ED00C827B1 /* MainView.swift */ = {isa = PBXFileReference; lastKnownFileType = sourcecode.swift; path = MainView.swift; sourceTree = "<group>"; };
		F107DEBE287CF2E700C827B1 /* CoverImageView.swift */ = {isa = PBXFileReference; lastKnownFileType = sourcecode.swift; path = CoverImageView.swift; sourceTree = "<group>"; };
		F107DEC1287CF4E100C827B1 /* CoverImageModel.swift */ = {isa = PBXFileReference; lastKnownFileType = sourcecode.swift; path = CoverImageModel.swift; sourceTree = "<group>"; };
		F107DEC4287CF55300C827B1 /* CodableBundleExtension.swift */ = {isa = PBXFileReference; lastKnownFileType = sourcecode.swift; path = CodableBundleExtension.swift; sourceTree = "<group>"; };
		F107DEC6287D014F00C827B1 /* AnimalListItemView.swift */ = {isa = PBXFileReference; lastKnownFileType = sourcecode.swift; path = AnimalListItemView.swift; sourceTree = "<group>"; };
		F107DEC8287D025000C827B1 /* AnimalModel.swift */ = {isa = PBXFileReference; lastKnownFileType = sourcecode.swift; path = AnimalModel.swift; sourceTree = "<group>"; };
		F107DECA287D055300C827B1 /* AnimalDetailsView.swift */ = {isa = PBXFileReference; lastKnownFileType = sourcecode.swift; path = AnimalDetailsView.swift; sourceTree = "<group>"; };
		F107DECC287D06FA00C827B1 /* HeadingView.swift */ = {isa = PBXFileReference; lastKnownFileType = sourcecode.swift; path = HeadingView.swift; sourceTree = "<group>"; };
		F107DECE287D089300C827B1 /* InsetGalleryView.swift */ = {isa = PBXFileReference; lastKnownFileType = sourcecode.swift; path = InsetGalleryView.swift; sourceTree = "<group>"; };
		F107DED0287D0C0E00C827B1 /* InsetFactView.swift */ = {isa = PBXFileReference; lastKnownFileType = sourcecode.swift; path = InsetFactView.swift; sourceTree = "<group>"; };
		F107DED2287D0D8200C827B1 /* InsetMapView.swift */ = {isa = PBXFileReference; lastKnownFileType = sourcecode.swift; path = InsetMapView.swift; sourceTree = "<group>"; };
		F107DED4287D0F8E00C827B1 /* ExternalWeblinkView.swift */ = {isa = PBXFileReference; lastKnownFileType = sourcecode.swift; path = ExternalWeblinkView.swift; sourceTree = "<group>"; };
		F1B0B3F5287E327A000E1428 /* VideoModel.swift */ = {isa = PBXFileReference; lastKnownFileType = sourcecode.swift; path = VideoModel.swift; sourceTree = "<group>"; };
		F1B0B3F7287E32BA000E1428 /* VideoListItemView.swift */ = {isa = PBXFileReference; lastKnownFileType = sourcecode.swift; path = VideoListItemView.swift; sourceTree = "<group>"; };
		F1B0B3F9287E36D4000E1428 /* VideoPlayerView.swift */ = {isa = PBXFileReference; lastKnownFileType = sourcecode.swift; path = VideoPlayerView.swift; sourceTree = "<group>"; };
		F1B0B3FC287E3789000E1428 /* VideoPlayerHelper.swift */ = {isa = PBXFileReference; lastKnownFileType = sourcecode.swift; path = VideoPlayerHelper.swift; sourceTree = "<group>"; };
		F1B0B3FE287E3ACE000E1428 /* LocationModel.swift */ = {isa = PBXFileReference; lastKnownFileType = sourcecode.swift; path = LocationModel.swift; sourceTree = "<group>"; };
		F1B0B400287E413A000E1428 /* MapAnnotationView.swift */ = {isa = PBXFileReference; lastKnownFileType = sourcecode.swift; path = MapAnnotationView.swift; sourceTree = "<group>"; };
		F1B0B402287E44BA000E1428 /* MotionAnimationView.swift */ = {isa = PBXFileReference; lastKnownFileType = sourcecode.swift; path = MotionAnimationView.swift; sourceTree = "<group>"; };
		F1B0B404287E5541000E1428 /* AnimalGridItemView.swift */ = {isa = PBXFileReference; lastKnownFileType = sourcecode.swift; path = AnimalGridItemView.swift; sourceTree = "<group>"; };
		F1B0B408287E595C000E1428 /* Stickers.appex */ = {isa = PBXFileReference; explicitFileType = "wrapper.app-extension"; includeInIndex = 0; path = Stickers.appex; sourceTree = BUILT_PRODUCTS_DIR; };
		F1B0B40A287E595F000E1428 /* Stickers.xcassets */ = {isa = PBXFileReference; lastKnownFileType = folder.assetcatalog; path = Stickers.xcassets; sourceTree = "<group>"; };
		F1B0B40C287E595F000E1428 /* Info.plist */ = {isa = PBXFileReference; lastKnownFileType = text.plist.xml; path = Info.plist; sourceTree = "<group>"; };
		F1CDFC3C287E5ABE0047D601 /* CreditsView.swift */ = {isa = PBXFileReference; lastKnownFileType = sourcecode.swift; path = CreditsView.swift; sourceTree = "<group>"; };
		F1CDFC3F287E5BD60047D601 /* CenterModifier.swift */ = {isa = PBXFileReference; lastKnownFileType = sourcecode.swift; path = CenterModifier.swift; sourceTree = "<group>"; };
		F1CDFC41287E5C8A0047D601 /* Africa.entitlements */ = {isa = PBXFileReference; lastKnownFileType = text.plist.entitlements; path = Africa.entitlements; sourceTree = "<group>"; };
/* End PBXFileReference section */

/* Begin PBXFrameworksBuildPhase section */
		F107DE81287CEDD700C827B1 /* Frameworks */ = {
			isa = PBXFrameworksBuildPhase;
			buildActionMask = 2147483647;
			files = (
			);
			runOnlyForDeploymentPostprocessing = 0;
		};
/* End PBXFrameworksBuildPhase section */

/* Begin PBXGroup section */
		F107DE7B287CEDD700C827B1 = {
			isa = PBXGroup;
			children = (
				F107DE86287CEDD700C827B1 /* Africa */,
				F1B0B409287E595D000E1428 /* Stickers */,
				F107DE85287CEDD700C827B1 /* Products */,
			);
			sourceTree = "<group>";
		};
		F107DE85287CEDD700C827B1 /* Products */ = {
			isa = PBXGroup;
			children = (
				F107DE84287CEDD700C827B1 /* Africa.app */,
				F1B0B408287E595C000E1428 /* Stickers.appex */,
			);
			name = Products;
			sourceTree = "<group>";
		};
		F107DE86287CEDD700C827B1 /* Africa */ = {
			isa = PBXGroup;
			children = (
				F1CDFC41287E5C8A0047D601 /* Africa.entitlements */,
				F1CDFC3E287E5BCB0047D601 /* Modifier */,
				F1B0B3FB287E3774000E1428 /* Helper */,
				F107DEC3287CF54600C827B1 /* Extension */,
				F107DEC0287CF4D200C827B1 /* Model */,
				F107DEBD287CF2D900C827B1 /* View */,
				F107DEB3287CEFFD00C827B1 /* Info.plist */,
				F107DEAA287CEF5300C827B1 /* Data */,
				F107DE95287CEF1500C827B1 /* Videos */,
				F107DEB4287CF09100C827B1 /* App */,
				F107DE8B287CEDD900C827B1 /* Assets.xcassets */,
				F107DE8D287CEDD900C827B1 /* Preview Content */,
			);
			path = Africa;
			sourceTree = "<group>";
		};
		F107DE8D287CEDD900C827B1 /* Preview Content */ = {
			isa = PBXGroup;
			children = (
				F107DE8E287CEDD900C827B1 /* Preview Assets.xcassets */,
			);
			path = "Preview Content";
			sourceTree = "<group>";
		};
		F107DE95287CEF1500C827B1 /* Videos */ = {
			isa = PBXGroup;
			children = (
				F107DE9E287CEF3700C827B1 /* cheetah.mp4 */,
				F107DE9D287CEF3700C827B1 /* elephant.mp4 */,
				F107DE96287CEF3600C827B1 /* giraffe.mp4 */,
				F107DE9C287CEF3700C827B1 /* gorilla.mp4 */,
				F107DE9A287CEF3600C827B1 /* hippo.mp4 */,
				F107DE99287CEF3600C827B1 /* lion.mp4 */,
				F107DE98287CEF3600C827B1 /* lioness.mp4 */,
				F107DE97287CEF3600C827B1 /* ostrich.mp4 */,
				F107DE9F287CEF3700C827B1 /* rhino.mp4 */,
				F107DE9B287CEF3700C827B1 /* zebra.mp4 */,
			);
			path = Videos;
			sourceTree = "<group>";
		};
		F107DEAA287CEF5300C827B1 /* Data */ = {
			isa = PBXGroup;
			children = (
				F107DEAE287CEF5D00C827B1 /* animals.json */,
				F107DEAD287CEF5D00C827B1 /* covers.json */,
				F107DEAC287CEF5D00C827B1 /* locations.json */,
				F107DEAB287CEF5D00C827B1 /* videos.json */,
			);
			path = Data;
			sourceTree = "<group>";
		};
		F107DEB4287CF09100C827B1 /* App */ = {
			isa = PBXGroup;
			children = (
				F107DE87287CEDD700C827B1 /* AfricaApp.swift */,
				F107DE89287CEDD700C827B1 /* ContentView.swift */,
				F107DEB5287CF0C300C827B1 /* VideoListView.swift */,
				F107DEB7287CF0D400C827B1 /* MapView.swift */,
				F107DEB9287CF0E000C827B1 /* GalleryView.swift */,
				F107DEBB287CF0ED00C827B1 /* MainView.swift */,
			);
			path = App;
			sourceTree = "<group>";
		};
		F107DEBD287CF2D900C827B1 /* View */ = {
			isa = PBXGroup;
			children = (
				F107DEBE287CF2E700C827B1 /* CoverImageView.swift */,
				F107DEC6287D014F00C827B1 /* AnimalListItemView.swift */,
				F107DECA287D055300C827B1 /* AnimalDetailsView.swift */,
				F107DECC287D06FA00C827B1 /* HeadingView.swift */,
				F107DECE287D089300C827B1 /* InsetGalleryView.swift */,
				F107DED0287D0C0E00C827B1 /* InsetFactView.swift */,
				F107DED2287D0D8200C827B1 /* InsetMapView.swift */,
				F107DED4287D0F8E00C827B1 /* ExternalWeblinkView.swift */,
				F1B0B3F7287E32BA000E1428 /* VideoListItemView.swift */,
				F1B0B3F9287E36D4000E1428 /* VideoPlayerView.swift */,
				F1B0B400287E413A000E1428 /* MapAnnotationView.swift */,
				F1B0B402287E44BA000E1428 /* MotionAnimationView.swift */,
				F1B0B404287E5541000E1428 /* AnimalGridItemView.swift */,
				F1CDFC3C287E5ABE0047D601 /* CreditsView.swift */,
			);
			path = View;
			sourceTree = "<group>";
		};
		F107DEC0287CF4D200C827B1 /* Model */ = {
			isa = PBXGroup;
			children = (
				F107DEC1287CF4E100C827B1 /* CoverImageModel.swift */,
				F107DEC8287D025000C827B1 /* AnimalModel.swift */,
				F1B0B3F5287E327A000E1428 /* VideoModel.swift */,
				F1B0B3FE287E3ACE000E1428 /* LocationModel.swift */,
			);
			path = Model;
			sourceTree = "<group>";
		};
		F107DEC3287CF54600C827B1 /* Extension */ = {
			isa = PBXGroup;
			children = (
				F107DEC4287CF55300C827B1 /* CodableBundleExtension.swift */,
			);
			path = Extension;
			sourceTree = "<group>";
		};
		F1B0B3FB287E3774000E1428 /* Helper */ = {
			isa = PBXGroup;
			children = (
				F1B0B3FC287E3789000E1428 /* VideoPlayerHelper.swift */,
			);
			path = Helper;
			sourceTree = "<group>";
		};
		F1B0B409287E595D000E1428 /* Stickers */ = {
			isa = PBXGroup;
			children = (
				F1B0B40A287E595F000E1428 /* Stickers.xcassets */,
				F1B0B40C287E595F000E1428 /* Info.plist */,
			);
			path = Stickers;
			sourceTree = "<group>";
		};
		F1CDFC3E287E5BCB0047D601 /* Modifier */ = {
			isa = PBXGroup;
			children = (
				F1CDFC3F287E5BD60047D601 /* CenterModifier.swift */,
			);
			path = Modifier;
			sourceTree = "<group>";
		};
/* End PBXGroup section */

/* Begin PBXNativeTarget section */
		F107DE83287CEDD700C827B1 /* Africa */ = {
			isa = PBXNativeTarget;
			buildConfigurationList = F107DE92287CEDD900C827B1 /* Build configuration list for PBXNativeTarget "Africa" */;
			buildPhases = (
				F107DE80287CEDD700C827B1 /* Sources */,
				F107DE81287CEDD700C827B1 /* Frameworks */,
				F107DE82287CEDD700C827B1 /* Resources */,
				F1B0B413287E595F000E1428 /* Embed App Extensions */,
			);
			buildRules = (
			);
			dependencies = (
				F1B0B40E287E595F000E1428 /* PBXTargetDependency */,
			);
			name = Africa;
			productName = Africa;
			productReference = F107DE84287CEDD700C827B1 /* Africa.app */;
			productType = "com.apple.product-type.application";
		};
		F1B0B407287E595C000E1428 /* Stickers */ = {
			isa = PBXNativeTarget;
			buildConfigurationList = F1B0B410287E595F000E1428 /* Build configuration list for PBXNativeTarget "Stickers" */;
			buildPhases = (
				F1B0B406287E595C000E1428 /* Resources */,
			);
			buildRules = (
			);
			dependencies = (
			);
			name = Stickers;
			productName = Stickers;
			productReference = F1B0B408287E595C000E1428 /* Stickers.appex */;
			productType = "com.apple.product-type.app-extension.messages-sticker-pack";
		};
/* End PBXNativeTarget section */

/* Begin PBXProject section */
		F107DE7C287CEDD700C827B1 /* Project object */ = {
			isa = PBXProject;
			attributes = {
				BuildIndependentTargetsInParallel = 1;
				LastSwiftUpdateCheck = 1340;
				LastUpgradeCheck = 1340;
				TargetAttributes = {
					F107DE83287CEDD700C827B1 = {
						CreatedOnToolsVersion = 13.4.1;
					};
					F1B0B407287E595C000E1428 = {
						CreatedOnToolsVersion = 13.4.1;
					};
				};
			};
			buildConfigurationList = F107DE7F287CEDD700C827B1 /* Build configuration list for PBXProject "Africa" */;
			compatibilityVersion = "Xcode 13.0";
			developmentRegion = en;
			hasScannedForEncodings = 0;
			knownRegions = (
				en,
				Base,
			);
			mainGroup = F107DE7B287CEDD700C827B1;
			productRefGroup = F107DE85287CEDD700C827B1 /* Products */;
			projectDirPath = "";
			projectRoot = "";
			targets = (
				F107DE83287CEDD700C827B1 /* Africa */,
				F1B0B407287E595C000E1428 /* Stickers */,
			);
		};
/* End PBXProject section */

/* Begin PBXResourcesBuildPhase section */
		F107DE82287CEDD700C827B1 /* Resources */ = {
			isa = PBXResourcesBuildPhase;
			buildActionMask = 2147483647;
			files = (
				F107DEB0287CEF5D00C827B1 /* locations.json in Resources */,
				F107DEA9287CEF3700C827B1 /* rhino.mp4 in Resources */,
				F107DE8F287CEDD900C827B1 /* Preview Assets.xcassets in Resources */,
				F107DEA6287CEF3700C827B1 /* gorilla.mp4 in Resources */,
				F107DEA3287CEF3700C827B1 /* lion.mp4 in Resources */,
				F107DEAF287CEF5D00C827B1 /* videos.json in Resources */,
				F107DEA4287CEF3700C827B1 /* hippo.mp4 in Resources */,
				F107DE8C287CEDD900C827B1 /* Assets.xcassets in Resources */,
				F107DEA5287CEF3700C827B1 /* zebra.mp4 in Resources */,
				F107DEB2287CEF5D00C827B1 /* animals.json in Resources */,
				F107DEA2287CEF3700C827B1 /* lioness.mp4 in Resources */,
				F107DEB1287CEF5D00C827B1 /* covers.json in Resources */,
				F107DEA1287CEF3700C827B1 /* ostrich.mp4 in Resources */,
				F107DEA7287CEF3700C827B1 /* elephant.mp4 in Resources */,
				F107DEA0287CEF3700C827B1 /* giraffe.mp4 in Resources */,
				F107DEA8287CEF3700C827B1 /* cheetah.mp4 in Resources */,
			);
			runOnlyForDeploymentPostprocessing = 0;
		};
		F1B0B406287E595C000E1428 /* Resources */ = {
			isa = PBXResourcesBuildPhase;
			buildActionMask = 2147483647;
			files = (
				F1B0B40B287E595F000E1428 /* Stickers.xcassets in Resources */,
			);
			runOnlyForDeploymentPostprocessing = 0;
		};
/* End PBXResourcesBuildPhase section */

/* Begin PBXSourcesBuildPhase section */
		F107DE80287CEDD700C827B1 /* Sources */ = {
			isa = PBXSourcesBuildPhase;
			buildActionMask = 2147483647;
			files = (
				F107DED5287D0F8E00C827B1 /* ExternalWeblinkView.swift in Sources */,
				F107DE8A287CEDD700C827B1 /* ContentView.swift in Sources */,
				F107DEC7287D014F00C827B1 /* AnimalListItemView.swift in Sources */,
				F107DEBC287CF0ED00C827B1 /* MainView.swift in Sources */,
				F107DED1287D0C0E00C827B1 /* InsetFactView.swift in Sources */,
				F107DEBF287CF2E700C827B1 /* CoverImageView.swift in Sources */,
				F107DEC2287CF4E100C827B1 /* CoverImageModel.swift in Sources */,
				F107DEC9287D025000C827B1 /* AnimalModel.swift in Sources */,
				F107DEB8287CF0D400C827B1 /* MapView.swift in Sources */,
				F107DE88287CEDD700C827B1 /* AfricaApp.swift in Sources */,
				F1B0B3FD287E3789000E1428 /* VideoPlayerHelper.swift in Sources */,
				F107DED3287D0D8200C827B1 /* InsetMapView.swift in Sources */,
				F107DEB6287CF0C300C827B1 /* VideoListView.swift in Sources */,
				F1B0B401287E413A000E1428 /* MapAnnotationView.swift in Sources */,
				F107DECB287D055300C827B1 /* AnimalDetailsView.swift in Sources */,
				F1B0B3F6287E327A000E1428 /* VideoModel.swift in Sources */,
				F107DEBA287CF0E000C827B1 /* GalleryView.swift in Sources */,
				F1B0B3FF287E3ACE000E1428 /* LocationModel.swift in Sources */,
				F1B0B405287E5541000E1428 /* AnimalGridItemView.swift in Sources */,
				F107DECF287D089300C827B1 /* InsetGalleryView.swift in Sources */,
				F1B0B3F8287E32BA000E1428 /* VideoListItemView.swift in Sources */,
				F1CDFC3D287E5ABE0047D601 /* CreditsView.swift in Sources */,
				F107DEC5287CF55300C827B1 /* CodableBundleExtension.swift in Sources */,
				F1B0B403287E44BA000E1428 /* MotionAnimationView.swift in Sources */,
				F1CDFC40287E5BD60047D601 /* CenterModifier.swift in Sources */,
				F107DECD287D06FA00C827B1 /* HeadingView.swift in Sources */,
				F1B0B3FA287E36D4000E1428 /* VideoPlayerView.swift in Sources */,
			);
			runOnlyForDeploymentPostprocessing = 0;
		};
/* End PBXSourcesBuildPhase section */

/* Begin PBXTargetDependency section */
		F1B0B40E287E595F000E1428 /* PBXTargetDependency */ = {
			isa = PBXTargetDependency;
			platformFilter = ios;
			target = F1B0B407287E595C000E1428 /* Stickers */;
			targetProxy = F1B0B40D287E595F000E1428 /* PBXContainerItemProxy */;
		};
/* End PBXTargetDependency section */

/* Begin XCBuildConfiguration section */
		F107DE90287CEDD900C827B1 /* Debug */ = {
			isa = XCBuildConfiguration;
			buildSettings = {
				ALWAYS_SEARCH_USER_PATHS = NO;
				CLANG_ANALYZER_NONNULL = YES;
				CLANG_ANALYZER_NUMBER_OBJECT_CONVERSION = YES_AGGRESSIVE;
				CLANG_CXX_LANGUAGE_STANDARD = "gnu++17";
				CLANG_ENABLE_MODULES = YES;
				CLANG_ENABLE_OBJC_ARC = YES;
				CLANG_ENABLE_OBJC_WEAK = YES;
				CLANG_WARN_BLOCK_CAPTURE_AUTORELEASING = YES;
				CLANG_WARN_BOOL_CONVERSION = YES;
				CLANG_WARN_COMMA = YES;
				CLANG_WARN_CONSTANT_CONVERSION = YES;
				CLANG_WARN_DEPRECATED_OBJC_IMPLEMENTATIONS = YES;
				CLANG_WARN_DIRECT_OBJC_ISA_USAGE = YES_ERROR;
				CLANG_WARN_DOCUMENTATION_COMMENTS = YES;
				CLANG_WARN_EMPTY_BODY = YES;
				CLANG_WARN_ENUM_CONVERSION = YES;
				CLANG_WARN_INFINITE_RECURSION = YES;
				CLANG_WARN_INT_CONVERSION = YES;
				CLANG_WARN_NON_LITERAL_NULL_CONVERSION = YES;
				CLANG_WARN_OBJC_IMPLICIT_RETAIN_SELF = YES;
				CLANG_WARN_OBJC_LITERAL_CONVERSION = YES;
				CLANG_WARN_OBJC_ROOT_CLASS = YES_ERROR;
				CLANG_WARN_QUOTED_INCLUDE_IN_FRAMEWORK_HEADER = YES;
				CLANG_WARN_RANGE_LOOP_ANALYSIS = YES;
				CLANG_WARN_STRICT_PROTOTYPES = YES;
				CLANG_WARN_SUSPICIOUS_MOVE = YES;
				CLANG_WARN_UNGUARDED_AVAILABILITY = YES_AGGRESSIVE;
				CLANG_WARN_UNREACHABLE_CODE = YES;
				CLANG_WARN__DUPLICATE_METHOD_MATCH = YES;
				COPY_PHASE_STRIP = NO;
				DEBUG_INFORMATION_FORMAT = dwarf;
				ENABLE_STRICT_OBJC_MSGSEND = YES;
				ENABLE_TESTABILITY = YES;
				GCC_C_LANGUAGE_STANDARD = gnu11;
				GCC_DYNAMIC_NO_PIC = NO;
				GCC_NO_COMMON_BLOCKS = YES;
				GCC_OPTIMIZATION_LEVEL = 0;
				GCC_PREPROCESSOR_DEFINITIONS = (
					"DEBUG=1",
					"$(inherited)",
				);
				GCC_WARN_64_TO_32_BIT_CONVERSION = YES;
				GCC_WARN_ABOUT_RETURN_TYPE = YES_ERROR;
				GCC_WARN_UNDECLARED_SELECTOR = YES;
				GCC_WARN_UNINITIALIZED_AUTOS = YES_AGGRESSIVE;
				GCC_WARN_UNUSED_FUNCTION = YES;
				GCC_WARN_UNUSED_VARIABLE = YES;
				IPHONEOS_DEPLOYMENT_TARGET = 15.5;
				MTL_ENABLE_DEBUG_INFO = INCLUDE_SOURCE;
				MTL_FAST_MATH = YES;
				ONLY_ACTIVE_ARCH = YES;
				SDKROOT = iphoneos;
				SWIFT_ACTIVE_COMPILATION_CONDITIONS = DEBUG;
				SWIFT_OPTIMIZATION_LEVEL = "-Onone";
			};
			name = Debug;
		};
		F107DE91287CEDD900C827B1 /* Release */ = {
			isa = XCBuildConfiguration;
			buildSettings = {
				ALWAYS_SEARCH_USER_PATHS = NO;
				CLANG_ANALYZER_NONNULL = YES;
				CLANG_ANALYZER_NUMBER_OBJECT_CONVERSION = YES_AGGRESSIVE;
				CLANG_CXX_LANGUAGE_STANDARD = "gnu++17";
				CLANG_ENABLE_MODULES = YES;
				CLANG_ENABLE_OBJC_ARC = YES;
				CLANG_ENABLE_OBJC_WEAK = YES;
				CLANG_WARN_BLOCK_CAPTURE_AUTORELEASING = YES;
				CLANG_WARN_BOOL_CONVERSION = YES;
				CLANG_WARN_COMMA = YES;
				CLANG_WARN_CONSTANT_CONVERSION = YES;
				CLANG_WARN_DEPRECATED_OBJC_IMPLEMENTATIONS = YES;
				CLANG_WARN_DIRECT_OBJC_ISA_USAGE = YES_ERROR;
				CLANG_WARN_DOCUMENTATION_COMMENTS = YES;
				CLANG_WARN_EMPTY_BODY = YES;
				CLANG_WARN_ENUM_CONVERSION = YES;
				CLANG_WARN_INFINITE_RECURSION = YES;
				CLANG_WARN_INT_CONVERSION = YES;
				CLANG_WARN_NON_LITERAL_NULL_CONVERSION = YES;
				CLANG_WARN_OBJC_IMPLICIT_RETAIN_SELF = YES;
				CLANG_WARN_OBJC_LITERAL_CONVERSION = YES;
				CLANG_WARN_OBJC_ROOT_CLASS = YES_ERROR;
				CLANG_WARN_QUOTED_INCLUDE_IN_FRAMEWORK_HEADER = YES;
				CLANG_WARN_RANGE_LOOP_ANALYSIS = YES;
				CLANG_WARN_STRICT_PROTOTYPES = YES;
				CLANG_WARN_SUSPICIOUS_MOVE = YES;
				CLANG_WARN_UNGUARDED_AVAILABILITY = YES_AGGRESSIVE;
				CLANG_WARN_UNREACHABLE_CODE = YES;
				CLANG_WARN__DUPLICATE_METHOD_MATCH = YES;
				COPY_PHASE_STRIP = NO;
				DEBUG_INFORMATION_FORMAT = "dwarf-with-dsym";
				ENABLE_NS_ASSERTIONS = NO;
				ENABLE_STRICT_OBJC_MSGSEND = YES;
				GCC_C_LANGUAGE_STANDARD = gnu11;
				GCC_NO_COMMON_BLOCKS = YES;
				GCC_WARN_64_TO_32_BIT_CONVERSION = YES;
				GCC_WARN_ABOUT_RETURN_TYPE = YES_ERROR;
				GCC_WARN_UNDECLARED_SELECTOR = YES;
				GCC_WARN_UNINITIALIZED_AUTOS = YES_AGGRESSIVE;
				GCC_WARN_UNUSED_FUNCTION = YES;
				GCC_WARN_UNUSED_VARIABLE = YES;
				IPHONEOS_DEPLOYMENT_TARGET = 15.5;
				MTL_ENABLE_DEBUG_INFO = NO;
				MTL_FAST_MATH = YES;
				SDKROOT = iphoneos;
				SWIFT_COMPILATION_MODE = wholemodule;
				SWIFT_OPTIMIZATION_LEVEL = "-O";
				VALIDATE_PRODUCT = YES;
			};
			name = Release;
		};
		F107DE93287CEDD900C827B1 /* Debug */ = {
			isa = XCBuildConfiguration;
			buildSettings = {
				ASSETCATALOG_COMPILER_APPICON_NAME = AppIcon;
				ASSETCATALOG_COMPILER_GLOBAL_ACCENT_COLOR_NAME = AccentColor;
				CODE_SIGN_ENTITLEMENTS = Africa/Africa.entitlements;
				CODE_SIGN_STYLE = Automatic;
				CURRENT_PROJECT_VERSION = 1;
				DEVELOPMENT_ASSET_PATHS = "\"Africa/Preview Content\"";
				DEVELOPMENT_TEAM = WP84YCCZ8G;
				ENABLE_PREVIEWS = YES;
				GENERATE_INFOPLIST_FILE = YES;
				INFOPLIST_FILE = Africa/Info.plist;
				INFOPLIST_KEY_UIApplicationSceneManifest_Generation = YES;
				INFOPLIST_KEY_UIApplicationSupportsIndirectInputEvents = YES;
				INFOPLIST_KEY_UISupportedInterfaceOrientations_iPad = "UIInterfaceOrientationPortrait UIInterfaceOrientationPortraitUpsideDown UIInterfaceOrientationLandscapeLeft UIInterfaceOrientationLandscapeRight";
				INFOPLIST_KEY_UISupportedInterfaceOrientations_iPhone = "UIInterfaceOrientationPortrait UIInterfaceOrientationLandscapeLeft UIInterfaceOrientationLandscapeRight";
				INFOPLIST_KEY_UIUserInterfaceStyle = Dark;
				LD_RUNPATH_SEARCH_PATHS = (
					"$(inherited)",
					"@executable_path/Frameworks",
				);
				MARKETING_VERSION = 1.0;
				PRODUCT_BUNDLE_IDENTIFIER = com.danielmori.Africa;
				PRODUCT_NAME = "$(TARGET_NAME)";
				SUPPORTS_MACCATALYST = YES;
				SWIFT_EMIT_LOC_STRINGS = YES;
				SWIFT_VERSION = 5.0;
				TARGETED_DEVICE_FAMILY = "1,2";
			};
			name = Debug;
		};
		F107DE94287CEDD900C827B1 /* Release */ = {
			isa = XCBuildConfiguration;
			buildSettings = {
				ASSETCATALOG_COMPILER_APPICON_NAME = AppIcon;
				ASSETCATALOG_COMPILER_GLOBAL_ACCENT_COLOR_NAME = AccentColor;
				CODE_SIGN_ENTITLEMENTS = Africa/Africa.entitlements;
				CODE_SIGN_STYLE = Automatic;
				CURRENT_PROJECT_VERSION = 1;
				DEVELOPMENT_ASSET_PATHS = "\"Africa/Preview Content\"";
				DEVELOPMENT_TEAM = WP84YCCZ8G;
				ENABLE_PREVIEWS = YES;
				GENERATE_INFOPLIST_FILE = YES;
				INFOPLIST_FILE = Africa/Info.plist;
				INFOPLIST_KEY_UIApplicationSceneManifest_Generation = YES;
				INFOPLIST_KEY_UIApplicationSupportsIndirectInputEvents = YES;
				INFOPLIST_KEY_UISupportedInterfaceOrientations_iPad = "UIInterfaceOrientationPortrait UIInterfaceOrientationPortraitUpsideDown UIInterfaceOrientationLandscapeLeft UIInterfaceOrientationLandscapeRight";
				INFOPLIST_KEY_UISupportedInterfaceOrientations_iPhone = "UIInterfaceOrientationPortrait UIInterfaceOrientationLandscapeLeft UIInterfaceOrientationLandscapeRight";
				INFOPLIST_KEY_UIUserInterfaceStyle = Dark;
				LD_RUNPATH_SEARCH_PATHS = (
					"$(inherited)",
					"@executable_path/Frameworks",
				);
				MARKETING_VERSION = 1.0;
				PRODUCT_BUNDLE_IDENTIFIER = com.danielmori.Africa;
				PRODUCT_NAME = "$(TARGET_NAME)";
				SUPPORTS_MACCATALYST = YES;
				SWIFT_EMIT_LOC_STRINGS = YES;
				SWIFT_VERSION = 5.0;
				TARGETED_DEVICE_FAMILY = "1,2";
			};
			name = Release;
		};
		F1B0B411287E595F000E1428 /* Debug */ = {
			isa = XCBuildConfiguration;
			buildSettings = {
				ASSETCATALOG_COMPILER_APPICON_NAME = "iMessage App Icon";
				CODE_SIGN_STYLE = Automatic;
				CURRENT_PROJECT_VERSION = 1;
				DEVELOPMENT_TEAM = WP84YCCZ8G;
				GENERATE_INFOPLIST_FILE = YES;
				INFOPLIST_FILE = Stickers/Info.plist;
				INFOPLIST_KEY_CFBundleDisplayName = Africa;
				IPHONEOS_DEPLOYMENT_TARGET = 10.0;
				MARKETING_VERSION = 1.0;
				PRODUCT_BUNDLE_IDENTIFIER = com.danielmori.Africa.Stickers;
				PRODUCT_NAME = "$(TARGET_NAME)";
				SKIP_INSTALL = YES;
				SUPPORTS_MACCATALYST = NO;
				SWIFT_EMIT_LOC_STRINGS = YES;
				TARGETED_DEVICE_FAMILY = "1,2";
			};
			name = Debug;
		};
		F1B0B412287E595F000E1428 /* Release */ = {
			isa = XCBuildConfiguration;
			buildSettings = {
				ASSETCATALOG_COMPILER_APPICON_NAME = "iMessage App Icon";
				CODE_SIGN_STYLE = Automatic;
				CURRENT_PROJECT_VERSION = 1;
				DEVELOPMENT_TEAM = WP84YCCZ8G;
				GENERATE_INFOPLIST_FILE = YES;
				INFOPLIST_FILE = Stickers/Info.plist;
				INFOPLIST_KEY_CFBundleDisplayName = Africa;
				IPHONEOS_DEPLOYMENT_TARGET = 10.0;
				MARKETING_VERSION = 1.0;
				PRODUCT_BUNDLE_IDENTIFIER = com.danielmori.Africa.Stickers;
				PRODUCT_NAME = "$(TARGET_NAME)";
				SKIP_INSTALL = YES;
				SUPPORTS_MACCATALYST = NO;
				SWIFT_EMIT_LOC_STRINGS = YES;
				TARGETED_DEVICE_FAMILY = "1,2";
			};
			name = Release;
		};
/* End XCBuildConfiguration section */

/* Begin XCConfigurationList section */
		F107DE7F287CEDD700C827B1 /* Build configuration list for PBXProject "Africa" */ = {
			isa = XCConfigurationList;
			buildConfigurations = (
				F107DE90287CEDD900C827B1 /* Debug */,
				F107DE91287CEDD900C827B1 /* Release */,
			);
			defaultConfigurationIsVisible = 0;
			defaultConfigurationName = Release;
		};
		F107DE92287CEDD900C827B1 /* Build configuration list for PBXNativeTarget "Africa" */ = {
			isa = XCConfigurationList;
			buildConfigurations = (
				F107DE93287CEDD900C827B1 /* Debug */,
				F107DE94287CEDD900C827B1 /* Release */,
			);
			defaultConfigurationIsVisible = 0;
			defaultConfigurationName = Release;
		};
		F1B0B410287E595F000E1428 /* Build configuration list for PBXNativeTarget "Stickers" */ = {
			isa = XCConfigurationList;
			buildConfigurations = (
				F1B0B411287E595F000E1428 /* Debug */,
				F1B0B412287E595F000E1428 /* Release */,
			);
			defaultConfigurationIsVisible = 0;
			defaultConfigurationName = Release;
		};
/* End XCConfigurationList section */
	};
	rootObject = F107DE7C287CEDD700C827B1 /* Project object */;
}
